
Microsoft Visual Studio Solution File, Format Version 12.00
# Visual Studio Version 16
VisualStudioVersion = 16.0.30330.147
MinimumVisualStudioVersion = 10.0.40219.1
Project("{2150E333-8FDC-42A3-9474-1A3956D46DE8}") = "FrontEnd", "FrontEnd", "{5CD73C11-E858-49DE-90F3-72245B867840}"
EndProject
Project("{2150E333-8FDC-42A3-9474-1A3956D46DE8}") = "Gateways", "Gateways", "{0B30596C-F9A3-40DF-AE2F-86B45E5DFA1D}"
EndProject
Project("{2150E333-8FDC-42A3-9474-1A3956D46DE8}") = "Servicios", "Servicios", "{8178AD91-0073-459A-BCEB-88B2BD3D137E}"
EndProject
Project("{9A19103F-16F7-4668-BE54-9A1E7A4F7556}") = "SISST", "SISST\SISST.csproj", "{7CD9B121-EA8D-4C7B-B717-D22B4E6CE579}"
EndProject
Project("{2150E333-8FDC-42A3-9474-1A3956D46DE8}") = "Comunes", "Comunes", "{645E8E7E-5459-4FE3-8A16-EB43B4A4582B}"
EndProject
Project("{2150E333-8FDC-42A3-9474-1A3956D46DE8}") = "APIs", "APIs", "{A42B490E-83D1-4274-BB45-7B9BB32491C6}"
EndProject
Project("{9A19103F-16F7-4668-BE54-9A1E7A4F7556}") = "SISST.Autenticacion", "SISST.Autenticacion\SISST.Autenticacion.csproj", "{6EEC9C30-5624-442C-A95B-266E3D7D6B0F}"
EndProject
Project("{9A19103F-16F7-4668-BE54-9A1E7A4F7556}") = "SISST.API.Gateway", "SISST.API.Gateway\SISST.API.Gateway.csproj", "{FBC0917D-DA06-40EC-AC6A-B281B990EA0C}"
EndProject
Project("{9A19103F-16F7-4668-BE54-9A1E7A4F7556}") = "SISST.Catalog", "SISST.API.Catalog\SISST.Catalog.csproj", "{84E17886-8FBB-4D91-A5BD-877903267074}"
EndProject
Project("{2150E333-8FDC-42A3-9474-1A3956D46DE8}") = "Solution Items", "Solution Items", "{AF2F0EF3-3099-4B12-9690-0651E6370CA1}"
	ProjectSection(SolutionItems) = preProject
		.editorconfig = .editorconfig
	EndProjectSection
EndProject
Project("{9A19103F-16F7-4668-BE54-9A1E7A4F7556}") = "Comunes", "SISST.Common\Enumerables\Comunes.csproj", "{DCAF9C29-B5FB-4C41-9D44-D3CCBF56EA2E}"
EndProject
Project("{9A19103F-16F7-4668-BE54-9A1E7A4F7556}") = "Common.Logging", "SISST.Common\Common.Logging\Common.Logging.csproj", "{833DF1D2-C704-4DE0-936B-E8265F56BB2E}"
EndProject
Global
	GlobalSection(SolutionConfigurationPlatforms) = preSolution
		Debug|Any CPU = Debug|Any CPU
		Release|Any CPU = Release|Any CPU
	EndGlobalSection
	GlobalSection(ProjectConfigurationPlatforms) = postSolution
		{7CD9B121-EA8D-4C7B-B717-D22B4E6CE579}.Debug|Any CPU.ActiveCfg = Debug|Any CPU
		{7CD9B121-EA8D-4C7B-B717-D22B4E6CE579}.Debug|Any CPU.Build.0 = Debug|Any CPU
		{7CD9B121-EA8D-4C7B-B717-D22B4E6CE579}.Release|Any CPU.ActiveCfg = Release|Any CPU
		{7CD9B121-EA8D-4C7B-B717-D22B4E6CE579}.Release|Any CPU.Build.0 = Release|Any CPU
		{6EEC9C30-5624-442C-A95B-266E3D7D6B0F}.Debug|Any CPU.ActiveCfg = Debug|Any CPU
		{6EEC9C30-5624-442C-A95B-266E3D7D6B0F}.Debug|Any CPU.Build.0 = Debug|Any CPU
		{6EEC9C30-5624-442C-A95B-266E3D7D6B0F}.Release|Any CPU.ActiveCfg = Release|Any CPU
		{6EEC9C30-5624-442C-A95B-266E3D7D6B0F}.Release|Any CPU.Build.0 = Release|Any CPU
		{FBC0917D-DA06-40EC-AC6A-B281B990EA0C}.Debug|Any CPU.ActiveCfg = Debug|Any CPU
		{FBC0917D-DA06-40EC-AC6A-B281B990EA0C}.Debug|Any CPU.Build.0 = Debug|Any CPU
		{FBC0917D-DA06-40EC-AC6A-B281B990EA0C}.Release|Any CPU.ActiveCfg = Release|Any CPU
		{FBC0917D-DA06-40EC-AC6A-B281B990EA0C}.Release|Any CPU.Build.0 = Release|Any CPU
		{84E17886-8FBB-4D91-A5BD-877903267074}.Debug|Any CPU.ActiveCfg = Debug|Any CPU
		{84E17886-8FBB-4D91-A5BD-877903267074}.Debug|Any CPU.Build.0 = Debug|Any CPU
		{84E17886-8FBB-4D91-A5BD-877903267074}.Release|Any CPU.ActiveCfg = Release|Any CPU
		{84E17886-8FBB-4D91-A5BD-877903267074}.Release|Any CPU.Build.0 = Release|Any CPU
		{DCAF9C29-B5FB-4C41-9D44-D3CCBF56EA2E}.Debug|Any CPU.ActiveCfg = Debug|Any CPU
		{DCAF9C29-B5FB-4C41-9D44-D3CCBF56EA2E}.Debug|Any CPU.Build.0 = Debug|Any CPU
		{DCAF9C29-B5FB-4C41-9D44-D3CCBF56EA2E}.Release|Any CPU.ActiveCfg = Release|Any CPU
		{DCAF9C29-B5FB-4C41-9D44-D3CCBF56EA2E}.Release|Any CPU.Build.0 = Release|Any CPU
		{833DF1D2-C704-4DE0-936B-E8265F56BB2E}.Debug|Any CPU.ActiveCfg = Debug|Any CPU
		{833DF1D2-C704-4DE0-936B-E8265F56BB2E}.Debug|Any CPU.Build.0 = Debug|Any CPU
		{833DF1D2-C704-4DE0-936B-E8265F56BB2E}.Release|Any CPU.ActiveCfg = Release|Any CPU
		{833DF1D2-C704-4DE0-936B-E8265F56BB2E}.Release|Any CPU.Build.0 = Release|Any CPU
	EndGlobalSection
	GlobalSection(SolutionProperties) = preSolution
		HideSolutionNode = FALSE
	EndGlobalSection
	GlobalSection(NestedProjects) = preSolution
		{7CD9B121-EA8D-4C7B-B717-D22B4E6CE579} = {5CD73C11-E858-49DE-90F3-72245B867840}
		{A42B490E-83D1-4274-BB45-7B9BB32491C6} = {0B30596C-F9A3-40DF-AE2F-86B45E5DFA1D}
		{6EEC9C30-5624-442C-A95B-266E3D7D6B0F} = {8178AD91-0073-459A-BCEB-88B2BD3D137E}
		{FBC0917D-DA06-40EC-AC6A-B281B990EA0C} = {A42B490E-83D1-4274-BB45-7B9BB32491C6}
		{84E17886-8FBB-4D91-A5BD-877903267074} = {8178AD91-0073-459A-BCEB-88B2BD3D137E}
		{DCAF9C29-B5FB-4C41-9D44-D3CCBF56EA2E} = {645E8E7E-5459-4FE3-8A16-EB43B4A4582B}
		{833DF1D2-C704-4DE0-936B-E8265F56BB2E} = {645E8E7E-5459-4FE3-8A16-EB43B4A4582B}
	EndGlobalSection
	GlobalSection(ExtensibilityGlobals) = postSolution
		SolutionGuid = {B9D84310-9DA5-48DC-A3A6-B23BD4713E47}
	EndGlobalSection
EndGlobal
